// !$*UTF8*$!
{
	archiveVersion = 1;
	classes = {
	};
	objectVersion = 56;
	objects = {

/* Begin PBXBuildFile section */
		6F0091C728A3D1C600C0CA89 /* AppDelegate.swift in Sources */ = {isa = PBXBuildFile; fileRef = 6F0091C628A3D1C600C0CA89 /* AppDelegate.swift */; };
		6F0091C928A3D1C600C0CA89 /* SceneDelegate.swift in Sources */ = {isa = PBXBuildFile; fileRef = 6F0091C828A3D1C600C0CA89 /* SceneDelegate.swift */; };
		6F0091CB28A3D1C600C0CA89 /* ViewController.swift in Sources */ = {isa = PBXBuildFile; fileRef = 6F0091CA28A3D1C600C0CA89 /* ViewController.swift */; };
		6F0091CE28A3D1C600C0CA89 /* Main.storyboard in Resources */ = {isa = PBXBuildFile; fileRef = 6F0091CC28A3D1C600C0CA89 /* Main.storyboard */; };
		6F0091D028A3D1CB00C0CA89 /* Assets.xcassets in Resources */ = {isa = PBXBuildFile; fileRef = 6F0091CF28A3D1CB00C0CA89 /* Assets.xcassets */; };
		6F0091D328A3D1CB00C0CA89 /* LaunchScreen.storyboard in Resources */ = {isa = PBXBuildFile; fileRef = 6F0091D128A3D1CB00C0CA89 /* LaunchScreen.storyboard */; };
		6F0091DE28A3D1CB00C0CA89 /* namiTests.swift in Sources */ = {isa = PBXBuildFile; fileRef = 6F0091DD28A3D1CB00C0CA89 /* namiTests.swift */; };
		6F0091E828A3D1CB00C0CA89 /* namiUITests.swift in Sources */ = {isa = PBXBuildFile; fileRef = 6F0091E728A3D1CB00C0CA89 /* namiUITests.swift */; };
		6F0091EA28A3D1CB00C0CA89 /* namiUITestsLaunchTests.swift in Sources */ = {isa = PBXBuildFile; fileRef = 6F0091E928A3D1CB00C0CA89 /* namiUITestsLaunchTests.swift */; };
		6F0091F828A3D50E00C0CA89 /* HomeViewController.swift in Sources */ = {isa = PBXBuildFile; fileRef = 6F0091F628A3D50D00C0CA89 /* HomeViewController.swift */; };
		6F0091FB28A3DF6600C0CA89 /* EndPathViewController.swift in Sources */ = {isa = PBXBuildFile; fileRef = 6F0091FA28A3DF6600C0CA89 /* EndPathViewController.swift */; };
/* End PBXBuildFile section */

/* Begin PBXContainerItemProxy section */
		6F0091DA28A3D1CB00C0CA89 /* PBXContainerItemProxy */ = {
			isa = PBXContainerItemProxy;
			containerPortal = 6F0091BB28A3D1C600C0CA89 /* Project object */;
			proxyType = 1;
			remoteGlobalIDString = 6F0091C228A3D1C600C0CA89;
			remoteInfo = nami;
		};
		6F0091E428A3D1CB00C0CA89 /* PBXContainerItemProxy */ = {
			isa = PBXContainerItemProxy;
			containerPortal = 6F0091BB28A3D1C600C0CA89 /* Project object */;
			proxyType = 1;
			remoteGlobalIDString = 6F0091C228A3D1C600C0CA89;
			remoteInfo = nami;
		};
/* End PBXContainerItemProxy section */

/* Begin PBXFileReference section */
		6F0091C328A3D1C600C0CA89 /* nami.app */ = {isa = PBXFileReference; explicitFileType = wrapper.application; includeInIndex = 0; path = nami.app; sourceTree = BUILT_PRODUCTS_DIR; };
		6F0091C628A3D1C600C0CA89 /* AppDelegate.swift */ = {isa = PBXFileReference; lastKnownFileType = sourcecode.swift; path = AppDelegate.swift; sourceTree = "<group>"; };
		6F0091C828A3D1C600C0CA89 /* SceneDelegate.swift */ = {isa = PBXFileReference; lastKnownFileType = sourcecode.swift; path = SceneDelegate.swift; sourceTree = "<group>"; };
		6F0091CA28A3D1C600C0CA89 /* ViewController.swift */ = {isa = PBXFileReference; lastKnownFileType = sourcecode.swift; path = ViewController.swift; sourceTree = "<group>"; };
		6F0091CD28A3D1C600C0CA89 /* Base */ = {isa = PBXFileReference; lastKnownFileType = file.storyboard; name = Base; path = Base.lproj/Main.storyboard; sourceTree = "<group>"; };
		6F0091CF28A3D1CB00C0CA89 /* Assets.xcassets */ = {isa = PBXFileReference; lastKnownFileType = folder.assetcatalog; path = Assets.xcassets; sourceTree = "<group>"; };
		6F0091D228A3D1CB00C0CA89 /* Base */ = {isa = PBXFileReference; lastKnownFileType = file.storyboard; name = Base; path = Base.lproj/LaunchScreen.storyboard; sourceTree = "<group>"; };
		6F0091D428A3D1CB00C0CA89 /* Info.plist */ = {isa = PBXFileReference; lastKnownFileType = text.plist.xml; path = Info.plist; sourceTree = "<group>"; };
		6F0091D928A3D1CB00C0CA89 /* namiTests.xctest */ = {isa = PBXFileReference; explicitFileType = wrapper.cfbundle; includeInIndex = 0; path = namiTests.xctest; sourceTree = BUILT_PRODUCTS_DIR; };
		6F0091DD28A3D1CB00C0CA89 /* namiTests.swift */ = {isa = PBXFileReference; lastKnownFileType = sourcecode.swift; path = namiTests.swift; sourceTree = "<group>"; };
		6F0091E328A3D1CB00C0CA89 /* namiUITests.xctest */ = {isa = PBXFileReference; explicitFileType = wrapper.cfbundle; includeInIndex = 0; path = namiUITests.xctest; sourceTree = BUILT_PRODUCTS_DIR; };
		6F0091E728A3D1CB00C0CA89 /* namiUITests.swift */ = {isa = PBXFileReference; lastKnownFileType = sourcecode.swift; path = namiUITests.swift; sourceTree = "<group>"; };
		6F0091E928A3D1CB00C0CA89 /* namiUITestsLaunchTests.swift */ = {isa = PBXFileReference; lastKnownFileType = sourcecode.swift; path = namiUITestsLaunchTests.swift; sourceTree = "<group>"; };
		6F0091F628A3D50D00C0CA89 /* HomeViewController.swift */ = {isa = PBXFileReference; lastKnownFileType = sourcecode.swift; path = HomeViewController.swift; sourceTree = "<group>"; };
		6F0091FA28A3DF6600C0CA89 /* EndPathViewController.swift */ = {isa = PBXFileReference; lastKnownFileType = sourcecode.swift; path = EndPathViewController.swift; sourceTree = "<group>"; };
/* End PBXFileReference section */

/* Begin PBXFrameworksBuildPhase section */
		6F0091C028A3D1C600C0CA89 /* Frameworks */ = {
			isa = PBXFrameworksBuildPhase;
			buildActionMask = 2147483647;
			files = (
			);
			runOnlyForDeploymentPostprocessing = 0;
		};
		6F0091D628A3D1CB00C0CA89 /* Frameworks */ = {
			isa = PBXFrameworksBuildPhase;
			buildActionMask = 2147483647;
			files = (
			);
			runOnlyForDeploymentPostprocessing = 0;
		};
		6F0091E028A3D1CB00C0CA89 /* Frameworks */ = {
			isa = PBXFrameworksBuildPhase;
			buildActionMask = 2147483647;
			files = (
			);
			runOnlyForDeploymentPostprocessing = 0;
		};
/* End PBXFrameworksBuildPhase section */

/* Begin PBXGroup section */
		6F0091BA28A3D1C600C0CA89 = {
			isa = PBXGroup;
			children = (
				6F0091C528A3D1C600C0CA89 /* nami */,
				6F0091DC28A3D1CB00C0CA89 /* namiTests */,
				6F0091E628A3D1CB00C0CA89 /* namiUITests */,
				6F0091C428A3D1C600C0CA89 /* Products */,
			);
			sourceTree = "<group>";
		};
		6F0091C428A3D1C600C0CA89 /* Products */ = {
			isa = PBXGroup;
			children = (
				6F0091C328A3D1C600C0CA89 /* nami.app */,
				6F0091D928A3D1CB00C0CA89 /* namiTests.xctest */,
				6F0091E328A3D1CB00C0CA89 /* namiUITests.xctest */,
			);
			name = Products;
			sourceTree = "<group>";
		};
		6F0091C528A3D1C600C0CA89 /* nami */ = {
			isa = PBXGroup;
			children = (
				6F0091C628A3D1C600C0CA89 /* AppDelegate.swift */,
				6F0091C828A3D1C600C0CA89 /* SceneDelegate.swift */,
				6F0091CA28A3D1C600C0CA89 /* ViewController.swift */,
				6F0091CC28A3D1C600C0CA89 /* Main.storyboard */,
				6F0091CF28A3D1CB00C0CA89 /* Assets.xcassets */,
				6F0091D128A3D1CB00C0CA89 /* LaunchScreen.storyboard */,
				6F0091D428A3D1CB00C0CA89 /* Info.plist */,
				6F0091F628A3D50D00C0CA89 /* HomeViewController.swift */,
				6F0091FA28A3DF6600C0CA89 /* EndPathViewController.swift */,
			);
			path = nami;
			sourceTree = "<group>";
		};
		6F0091DC28A3D1CB00C0CA89 /* namiTests */ = {
			isa = PBXGroup;
			children = (
				6F0091DD28A3D1CB00C0CA89 /* namiTests.swift */,
			);
			path = namiTests;
			sourceTree = "<group>";
		};
		6F0091E628A3D1CB00C0CA89 /* namiUITests */ = {
			isa = PBXGroup;
			children = (
				6F0091E728A3D1CB00C0CA89 /* namiUITests.swift */,
				6F0091E928A3D1CB00C0CA89 /* namiUITestsLaunchTests.swift */,
			);
			path = namiUITests;
			sourceTree = "<group>";
		};
/* End PBXGroup section */

/* Begin PBXNativeTarget section */
		6F0091C228A3D1C600C0CA89 /* nami */ = {
			isa = PBXNativeTarget;
			buildConfigurationList = 6F0091ED28A3D1CB00C0CA89 /* Build configuration list for PBXNativeTarget "nami" */;
			buildPhases = (
				6F0091BF28A3D1C600C0CA89 /* Sources */,
				6F0091C028A3D1C600C0CA89 /* Frameworks */,
				6F0091C128A3D1C600C0CA89 /* Resources */,
			);
			buildRules = (
			);
			dependencies = (
			);
			name = nami;
			productName = nami;
			productReference = 6F0091C328A3D1C600C0CA89 /* nami.app */;
			productType = "com.apple.product-type.application";
		};
		6F0091D828A3D1CB00C0CA89 /* namiTests */ = {
			isa = PBXNativeTarget;
			buildConfigurationList = 6F0091F028A3D1CB00C0CA89 /* Build configuration list for PBXNativeTarget "namiTests" */;
			buildPhases = (
				6F0091D528A3D1CB00C0CA89 /* Sources */,
				6F0091D628A3D1CB00C0CA89 /* Frameworks */,
				6F0091D728A3D1CB00C0CA89 /* Resources */,
			);
			buildRules = (
			);
			dependencies = (
				6F0091DB28A3D1CB00C0CA89 /* PBXTargetDependency */,
			);
			name = namiTests;
			productName = namiTests;
			productReference = 6F0091D928A3D1CB00C0CA89 /* namiTests.xctest */;
			productType = "com.apple.product-type.bundle.unit-test";
		};
		6F0091E228A3D1CB00C0CA89 /* namiUITests */ = {
			isa = PBXNativeTarget;
			buildConfigurationList = 6F0091F328A3D1CB00C0CA89 /* Build configuration list for PBXNativeTarget "namiUITests" */;
			buildPhases = (
				6F0091DF28A3D1CB00C0CA89 /* Sources */,
				6F0091E028A3D1CB00C0CA89 /* Frameworks */,
				6F0091E128A3D1CB00C0CA89 /* Resources */,
			);
			buildRules = (
			);
			dependencies = (
				6F0091E528A3D1CB00C0CA89 /* PBXTargetDependency */,
			);
			name = namiUITests;
			productName = namiUITests;
			productReference = 6F0091E328A3D1CB00C0CA89 /* namiUITests.xctest */;
			productType = "com.apple.product-type.bundle.ui-testing";
		};
/* End PBXNativeTarget section */

/* Begin PBXProject section */
		6F0091BB28A3D1C600C0CA89 /* Project object */ = {
			isa = PBXProject;
			attributes = {
				BuildIndependentTargetsInParallel = 1;
				LastSwiftUpdateCheck = 1400;
				LastUpgradeCheck = 1400;
				TargetAttributes = {
					6F0091C228A3D1C600C0CA89 = {
						CreatedOnToolsVersion = 14.0;
					};
					6F0091D828A3D1CB00C0CA89 = {
						CreatedOnToolsVersion = 14.0;
						TestTargetID = 6F0091C228A3D1C600C0CA89;
					};
					6F0091E228A3D1CB00C0CA89 = {
						CreatedOnToolsVersion = 14.0;
						TestTargetID = 6F0091C228A3D1C600C0CA89;
					};
				};
			};
			buildConfigurationList = 6F0091BE28A3D1C600C0CA89 /* Build configuration list for PBXProject "nami" */;
			compatibilityVersion = "Xcode 14.0";
			developmentRegion = en;
			hasScannedForEncodings = 0;
			knownRegions = (
				en,
				Base,
			);
			mainGroup = 6F0091BA28A3D1C600C0CA89;
			productRefGroup = 6F0091C428A3D1C600C0CA89 /* Products */;
			projectDirPath = "";
			projectRoot = "";
			targets = (
				6F0091C228A3D1C600C0CA89 /* nami */,
				6F0091D828A3D1CB00C0CA89 /* namiTests */,
				6F0091E228A3D1CB00C0CA89 /* namiUITests */,
			);
		};
/* End PBXProject section */

/* Begin PBXResourcesBuildPhase section */
		6F0091C128A3D1C600C0CA89 /* Resources */ = {
			isa = PBXResourcesBuildPhase;
			buildActionMask = 2147483647;
			files = (
				6F0091D328A3D1CB00C0CA89 /* LaunchScreen.storyboard in Resources */,
				6F0091D028A3D1CB00C0CA89 /* Assets.xcassets in Resources */,
				6F0091CE28A3D1C600C0CA89 /* Main.storyboard in Resources */,
			);
			runOnlyForDeploymentPostprocessing = 0;
		};
		6F0091D728A3D1CB00C0CA89 /* Resources */ = {
			isa = PBXResourcesBuildPhase;
			buildActionMask = 2147483647;
			files = (
			);
			runOnlyForDeploymentPostprocessing = 0;
		};
		6F0091E128A3D1CB00C0CA89 /* Resources */ = {
			isa = PBXResourcesBuildPhase;
			buildActionMask = 2147483647;
			files = (
			);
			runOnlyForDeploymentPostprocessing = 0;
		};
/* End PBXResourcesBuildPhase section */

/* Begin PBXSourcesBuildPhase section */
		6F0091BF28A3D1C600C0CA89 /* Sources */ = {
			isa = PBXSourcesBuildPhase;
			buildActionMask = 2147483647;
			files = (
				6F0091FB28A3DF6600C0CA89 /* EndPathViewController.swift in Sources */,
				6F0091CB28A3D1C600C0CA89 /* ViewController.swift in Sources */,
				6F0091C728A3D1C600C0CA89 /* AppDelegate.swift in Sources */,
				6F0091C928A3D1C600C0CA89 /* SceneDelegate.swift in Sources */,
				6F0091F828A3D50E00C0CA89 /* HomeViewController.swift in Sources */,
			);
			runOnlyForDeploymentPostprocessing = 0;
		};
		6F0091D528A3D1CB00C0CA89 /* Sources */ = {
			isa = PBXSourcesBuildPhase;
			buildActionMask = 2147483647;
			files = (
				6F0091DE28A3D1CB00C0CA89 /* namiTests.swift in Sources */,
			);
			runOnlyForDeploymentPostprocessing = 0;
		};
		6F0091DF28A3D1CB00C0CA89 /* Sources */ = {
			isa = PBXSourcesBuildPhase;
			buildActionMask = 2147483647;
			files = (
				6F0091E828A3D1CB00C0CA89 /* namiUITests.swift in Sources */,
				6F0091EA28A3D1CB00C0CA89 /* namiUITestsLaunchTests.swift in Sources */,
			);
			runOnlyForDeploymentPostprocessing = 0;
		};
/* End PBXSourcesBuildPhase section */

/* Begin PBXTargetDependency section */
		6F0091DB28A3D1CB00C0CA89 /* PBXTargetDependency */ = {
			isa = PBXTargetDependency;
			target = 6F0091C228A3D1C600C0CA89 /* nami */;
			targetProxy = 6F0091DA28A3D1CB00C0CA89 /* PBXContainerItemProxy */;
		};
		6F0091E528A3D1CB00C0CA89 /* PBXTargetDependency */ = {
			isa = PBXTargetDependency;
			target = 6F0091C228A3D1C600C0CA89 /* nami */;
			targetProxy = 6F0091E428A3D1CB00C0CA89 /* PBXContainerItemProxy */;
		};
/* End PBXTargetDependency section */

/* Begin PBXVariantGroup section */
		6F0091CC28A3D1C600C0CA89 /* Main.storyboard */ = {
			isa = PBXVariantGroup;
			children = (
				6F0091CD28A3D1C600C0CA89 /* Base */,
			);
			name = Main.storyboard;
			sourceTree = "<group>";
		};
		6F0091D128A3D1CB00C0CA89 /* LaunchScreen.storyboard */ = {
			isa = PBXVariantGroup;
			children = (
				6F0091D228A3D1CB00C0CA89 /* Base */,
			);
			name = LaunchScreen.storyboard;
			sourceTree = "<group>";
		};
/* End PBXVariantGroup section */

/* Begin XCBuildConfiguration section */
		6F0091EB28A3D1CB00C0CA89 /* Debug */ = {
			isa = XCBuildConfiguration;
			buildSettings = {
				ALWAYS_SEARCH_USER_PATHS = NO;
				CLANG_ANALYZER_NONNULL = YES;
				CLANG_ANALYZER_NUMBER_OBJECT_CONVERSION = YES_AGGRESSIVE;
				CLANG_CXX_LANGUAGE_STANDARD = "gnu++20";
				CLANG_ENABLE_MODULES = YES;
				CLANG_ENABLE_OBJC_ARC = YES;
				CLANG_ENABLE_OBJC_WEAK = YES;
				CLANG_WARN_BLOCK_CAPTURE_AUTORELEASING = YES;
				CLANG_WARN_BOOL_CONVERSION = YES;
				CLANG_WARN_COMMA = YES;
				CLANG_WARN_CONSTANT_CONVERSION = YES;
				CLANG_WARN_DEPRECATED_OBJC_IMPLEMENTATIONS = YES;
				CLANG_WARN_DIRECT_OBJC_ISA_USAGE = YES_ERROR;
				CLANG_WARN_DOCUMENTATION_COMMENTS = YES;
				CLANG_WARN_EMPTY_BODY = YES;
				CLANG_WARN_ENUM_CONVERSION = YES;
				CLANG_WARN_INFINITE_RECURSION = YES;
				CLANG_WARN_INT_CONVERSION = YES;
				CLANG_WARN_NON_LITERAL_NULL_CONVERSION = YES;
				CLANG_WARN_OBJC_IMPLICIT_RETAIN_SELF = YES;
				CLANG_WARN_OBJC_LITERAL_CONVERSION = YES;
				CLANG_WARN_OBJC_ROOT_CLASS = YES_ERROR;
				CLANG_WARN_QUOTED_INCLUDE_IN_FRAMEWORK_HEADER = YES;
				CLANG_WARN_RANGE_LOOP_ANALYSIS = YES;
				CLANG_WARN_STRICT_PROTOTYPES = YES;
				CLANG_WARN_SUSPICIOUS_MOVE = YES;
				CLANG_WARN_UNGUARDED_AVAILABILITY = YES_AGGRESSIVE;
				CLANG_WARN_UNREACHABLE_CODE = YES;
				CLANG_WARN__DUPLICATE_METHOD_MATCH = YES;
				COPY_PHASE_STRIP = NO;
				DEBUG_INFORMATION_FORMAT = dwarf;
				ENABLE_STRICT_OBJC_MSGSEND = YES;
				ENABLE_TESTABILITY = YES;
				GCC_C_LANGUAGE_STANDARD = gnu11;
				GCC_DYNAMIC_NO_PIC = NO;
				GCC_NO_COMMON_BLOCKS = YES;
				GCC_OPTIMIZATION_LEVEL = 0;
				GCC_PREPROCESSOR_DEFINITIONS = (
					"DEBUG=1",
					"$(inherited)",
				);
				GCC_WARN_64_TO_32_BIT_CONVERSION = YES;
				GCC_WARN_ABOUT_RETURN_TYPE = YES_ERROR;
				GCC_WARN_UNDECLARED_SELECTOR = YES;
				GCC_WARN_UNINITIALIZED_AUTOS = YES_AGGRESSIVE;
				GCC_WARN_UNUSED_FUNCTION = YES;
				GCC_WARN_UNUSED_VARIABLE = YES;
				IPHONEOS_DEPLOYMENT_TARGET = 16.0;
				MTL_ENABLE_DEBUG_INFO = INCLUDE_SOURCE;
				MTL_FAST_MATH = YES;
				ONLY_ACTIVE_ARCH = YES;
				SDKROOT = iphoneos;
				SWIFT_ACTIVE_COMPILATION_CONDITIONS = DEBUG;
				SWIFT_OPTIMIZATION_LEVEL = "-Onone";
			};
			name = Debug;
		};
		6F0091EC28A3D1CB00C0CA89 /* Release */ = {
			isa = XCBuildConfiguration;
			buildSettings = {
				ALWAYS_SEARCH_USER_PATHS = NO;
				CLANG_ANALYZER_NONNULL = YES;
				CLANG_ANALYZER_NUMBER_OBJECT_CONVERSION = YES_AGGRESSIVE;
				CLANG_CXX_LANGUAGE_STANDARD = "gnu++20";
				CLANG_ENABLE_MODULES = YES;
				CLANG_ENABLE_OBJC_ARC = YES;
				CLANG_ENABLE_OBJC_WEAK = YES;
				CLANG_WARN_BLOCK_CAPTURE_AUTORELEASING = YES;
				CLANG_WARN_BOOL_CONVERSION = YES;
				CLANG_WARN_COMMA = YES;
				CLANG_WARN_CONSTANT_CONVERSION = YES;
				CLANG_WARN_DEPRECATED_OBJC_IMPLEMENTATIONS = YES;
				CLANG_WARN_DIRECT_OBJC_ISA_USAGE = YES_ERROR;
				CLANG_WARN_DOCUMENTATION_COMMENTS = YES;
				CLANG_WARN_EMPTY_BODY = YES;
				CLANG_WARN_ENUM_CONVERSION = YES;
				CLANG_WARN_INFINITE_RECURSION = YES;
				CLANG_WARN_INT_CONVERSION = YES;
				CLANG_WARN_NON_LITERAL_NULL_CONVERSION = YES;
				CLANG_WARN_OBJC_IMPLICIT_RETAIN_SELF = YES;
				CLANG_WARN_OBJC_LITERAL_CONVERSION = YES;
				CLANG_WARN_OBJC_ROOT_CLASS = YES_ERROR;
				CLANG_WARN_QUOTED_INCLUDE_IN_FRAMEWORK_HEADER = YES;
				CLANG_WARN_RANGE_LOOP_ANALYSIS = YES;
				CLANG_WARN_STRICT_PROTOTYPES = YES;
				CLANG_WARN_SUSPICIOUS_MOVE = YES;
				CLANG_WARN_UNGUARDED_AVAILABILITY = YES_AGGRESSIVE;
				CLANG_WARN_UNREACHABLE_CODE = YES;
				CLANG_WARN__DUPLICATE_METHOD_MATCH = YES;
				COPY_PHASE_STRIP = NO;
				DEBUG_INFORMATION_FORMAT = "dwarf-with-dsym";
				ENABLE_NS_ASSERTIONS = NO;
				ENABLE_STRICT_OBJC_MSGSEND = YES;
				GCC_C_LANGUAGE_STANDARD = gnu11;
				GCC_NO_COMMON_BLOCKS = YES;
				GCC_WARN_64_TO_32_BIT_CONVERSION = YES;
				GCC_WARN_ABOUT_RETURN_TYPE = YES_ERROR;
				GCC_WARN_UNDECLARED_SELECTOR = YES;
				GCC_WARN_UNINITIALIZED_AUTOS = YES_AGGRESSIVE;
				GCC_WARN_UNUSED_FUNCTION = YES;
				GCC_WARN_UNUSED_VARIABLE = YES;
				IPHONEOS_DEPLOYMENT_TARGET = 16.0;
				MTL_ENABLE_DEBUG_INFO = NO;
				MTL_FAST_MATH = YES;
				SDKROOT = iphoneos;
				SWIFT_COMPILATION_MODE = wholemodule;
				SWIFT_OPTIMIZATION_LEVEL = "-O";
				VALIDATE_PRODUCT = YES;
			};
			name = Release;
		};
		6F0091EE28A3D1CB00C0CA89 /* Debug */ = {
			isa = XCBuildConfiguration;
			buildSettings = {
				ASSETCATALOG_COMPILER_APPICON_NAME = AppIcon;
				ASSETCATALOG_COMPILER_GLOBAL_ACCENT_COLOR_NAME = AccentColor;
				CODE_SIGN_STYLE = Automatic;
				CURRENT_PROJECT_VERSION = 1;
				GENERATE_INFOPLIST_FILE = YES;
				INFOPLIST_FILE = nami/Info.plist;
				INFOPLIST_KEY_UIApplicationSupportsIndirectInputEvents = YES;
				INFOPLIST_KEY_UILaunchStoryboardName = LaunchScreen;
				INFOPLIST_KEY_UIMainStoryboardFile = Main;
				INFOPLIST_KEY_UISupportedInterfaceOrientations_iPad = "UIInterfaceOrientationPortrait UIInterfaceOrientationPortraitUpsideDown UIInterfaceOrientationLandscapeLeft UIInterfaceOrientationLandscapeRight";
				INFOPLIST_KEY_UISupportedInterfaceOrientations_iPhone = "UIInterfaceOrientationPortrait UIInterfaceOrientationLandscapeLeft UIInterfaceOrientationLandscapeRight";
				LD_RUNPATH_SEARCH_PATHS = (
					"$(inherited)",
					"@executable_path/Frameworks",
				);
				MARKETING_VERSION = 1.0;
				PRODUCT_BUNDLE_IDENTIFIER = blacksmith.nami;
				PRODUCT_NAME = "$(TARGET_NAME)";
				SWIFT_EMIT_LOC_STRINGS = YES;
				SWIFT_VERSION = 5.0;
				TARGETED_DEVICE_FAMILY = "1,2";
			};
			name = Debug;
		};
		6F0091EF28A3D1CB00C0CA89 /* Release */ = {
			isa = XCBuildConfiguration;
			buildSettings = {
				ASSETCATALOG_COMPILER_APPICON_NAME = AppIcon;
				ASSETCATALOG_COMPILER_GLOBAL_ACCENT_COLOR_NAME = AccentColor;
				CODE_SIGN_STYLE = Automatic;
				CURRENT_PROJECT_VERSION = 1;
				GENERATE_INFOPLIST_FILE = YES;
				INFOPLIST_FILE = nami/Info.plist;
				INFOPLIST_KEY_UIApplicationSupportsIndirectInputEvents = YES;
				INFOPLIST_KEY_UILaunchStoryboardName = LaunchScreen;
				INFOPLIST_KEY_UIMainStoryboardFile = Main;
				INFOPLIST_KEY_UISupportedInterfaceOrientations_iPad = "UIInterfaceOrientationPortrait UIInterfaceOrientationPortraitUpsideDown UIInterfaceOrientationLandscapeLeft UIInterfaceOrientationLandscapeRight";
				INFOPLIST_KEY_UISupportedInterfaceOrientations_iPhone = "UIInterfaceOrientationPortrait UIInterfaceOrientationLandscapeLeft UIInterfaceOrientationLandscapeRight";
				LD_RUNPATH_SEARCH_PATHS = (
					"$(inherited)",
					"@executable_path/Frameworks",
				);
				MARKETING_VERSION = 1.0;
				PRODUCT_BUNDLE_IDENTIFIER = blacksmith.nami;
				PRODUCT_NAME = "$(TARGET_NAME)";
				SWIFT_EMIT_LOC_STRINGS = YES;
				SWIFT_VERSION = 5.0;
				TARGETED_DEVICE_FAMILY = "1,2";
			};
			name = Release;
		};
		6F0091F128A3D1CB00C0CA89 /* Debug */ = {
			isa = XCBuildConfiguration;
			buildSettings = {
				ALWAYS_EMBED_SWIFT_STANDARD_LIBRARIES = YES;
				BUNDLE_LOADER = "$(TEST_HOST)";
				CODE_SIGN_STYLE = Automatic;
				CURRENT_PROJECT_VERSION = 1;
				GENERATE_INFOPLIST_FILE = YES;
				IPHONEOS_DEPLOYMENT_TARGET = 16.0;
				MARKETING_VERSION = 1.0;
				PRODUCT_BUNDLE_IDENTIFIER = blacksmith.namiTests;
				PRODUCT_NAME = "$(TARGET_NAME)";
				SWIFT_EMIT_LOC_STRINGS = NO;
				SWIFT_VERSION = 5.0;
				TARGETED_DEVICE_FAMILY = "1,2";
				TEST_HOST = "$(BUILT_PRODUCTS_DIR)/nami.app/$(BUNDLE_EXECUTABLE_FOLDER_PATH)/nami";
			};
			name = Debug;
		};
		6F0091F228A3D1CB00C0CA89 /* Release */ = {
			isa = XCBuildConfiguration;
			buildSettings = {
				ALWAYS_EMBED_SWIFT_STANDARD_LIBRARIES = YES;
				BUNDLE_LOADER = "$(TEST_HOST)";
				CODE_SIGN_STYLE = Automatic;
				CURRENT_PROJECT_VERSION = 1;
				GENERATE_INFOPLIST_FILE = YES;
				IPHONEOS_DEPLOYMENT_TARGET = 16.0;
				MARKETING_VERSION = 1.0;
				PRODUCT_BUNDLE_IDENTIFIER = blacksmith.namiTests;
				PRODUCT_NAME = "$(TARGET_NAME)";
				SWIFT_EMIT_LOC_STRINGS = NO;
				SWIFT_VERSION = 5.0;
				TARGETED_DEVICE_FAMILY = "1,2";
				TEST_HOST = "$(BUILT_PRODUCTS_DIR)/nami.app/$(BUNDLE_EXECUTABLE_FOLDER_PATH)/nami";
			};
			name = Release;
		};
		6F0091F428A3D1CB00C0CA89 /* Debug */ = {
			isa = XCBuildConfiguration;
			buildSettings = {
				ALWAYS_EMBED_SWIFT_STANDARD_LIBRARIES = YES;
				CODE_SIGN_STYLE = Automatic;
				CURRENT_PROJECT_VERSION = 1;
				GENERATE_INFOPLIST_FILE = YES;
				MARKETING_VERSION = 1.0;
				PRODUCT_BUNDLE_IDENTIFIER = blacksmith.namiUITests;
				PRODUCT_NAME = "$(TARGET_NAME)";
				SWIFT_EMIT_LOC_STRINGS = NO;
				SWIFT_VERSION = 5.0;
				TARGETED_DEVICE_FAMILY = "1,2";
				TEST_TARGET_NAME = nami;
			};
			name = Debug;
		};
		6F0091F528A3D1CB00C0CA89 /* Release */ = {
			isa = XCBuildConfiguration;
			buildSettings = {
				ALWAYS_EMBED_SWIFT_STANDARD_LIBRARIES = YES;
				CODE_SIGN_STYLE = Automatic;
				CURRENT_PROJECT_VERSION = 1;
				GENERATE_INFOPLIST_FILE = YES;
				MARKETING_VERSION = 1.0;
				PRODUCT_BUNDLE_IDENTIFIER = blacksmith.namiUITests;
				PRODUCT_NAME = "$(TARGET_NAME)";
				SWIFT_EMIT_LOC_STRINGS = NO;
				SWIFT_VERSION = 5.0;
				TARGETED_DEVICE_FAMILY = "1,2";
				TEST_TARGET_NAME = nami;
			};
			name = Release;
		};
/* End XCBuildConfiguration section */

/* Begin XCConfigurationList section */
		6F0091BE28A3D1C600C0CA89 /* Build configuration list for PBXProject "nami" */ = {
			isa = XCConfigurationList;
			buildConfigurations = (
				6F0091EB28A3D1CB00C0CA89 /* Debug */,
				6F0091EC28A3D1CB00C0CA89 /* Release */,
			);
			defaultConfigurationIsVisible = 0;
			defaultConfigurationName = Release;
		};
		6F0091ED28A3D1CB00C0CA89 /* Build configuration list for PBXNativeTarget "nami" */ = {
			isa = XCConfigurationList;
			buildConfigurations = (
				6F0091EE28A3D1CB00C0CA89 /* Debug */,
				6F0091EF28A3D1CB00C0CA89 /* Release */,
			);
			defaultConfigurationIsVisible = 0;
			defaultConfigurationName = Release;
		};
		6F0091F028A3D1CB00C0CA89 /* Build configuration list for PBXNativeTarget "namiTests" */ = {
			isa = XCConfigurationList;
			buildConfigurations = (
				6F0091F128A3D1CB00C0CA89 /* Debug */,
				6F0091F228A3D1CB00C0CA89 /* Release */,
			);
			defaultConfigurationIsVisible = 0;
			defaultConfigurationName = Release;
		};
		6F0091F328A3D1CB00C0CA89 /* Build configuration list for PBXNativeTarget "namiUITests" */ = {
			isa = XCConfigurationList;
			buildConfigurations = (
				6F0091F428A3D1CB00C0CA89 /* Debug */,
				6F0091F528A3D1CB00C0CA89 /* Release */,
			);
			defaultConfigurationIsVisible = 0;
			defaultConfigurationName = Release;
		};
/* End XCConfigurationList section */
	};
	rootObject = 6F0091BB28A3D1C600C0CA89 /* Project object */;
}
